
Microsoft Visual Studio Solution File, Format Version 12.00
# Visual Studio Version 17
VisualStudioVersion = 17.12.35707.178
MinimumVisualStudioVersion = 10.0.40219.1
Project("{FAE04EC0-301F-11D3-BF4B-00C04F79EFBC}") = "Quiz", "Quiz.csproj", "{103197CE-47A9-4868-A15C-EEEF6CC6764A}"
EndProject
Project("{FAE04EC0-301F-11D3-BF4B-00C04F79EFBC}") = "mvcproj", "..\mvcproj\mvcproj\mvcproj.csproj", "{A93826CD-F75C-48B3-92D4-DFEF5D90BC50}"
EndProject
Global
	GlobalSection(SolutionConfigurationPlatforms) = preSolution
		Debug|Any CPU = Debug|Any CPU
		Release|Any CPU = Release|Any CPU
	EndGlobalSection
	GlobalSection(ProjectConfigurationPlatforms) = postSolution
		{103197CE-47A9-4868-A15C-EEEF6CC6764A}.Debug|Any CPU.ActiveCfg = Debug|Any CPU
		{103197CE-47A9-4868-A15C-EEEF6CC6764A}.Debug|Any CPU.Build.0 = Debug|Any CPU
		{103197CE-47A9-4868-A15C-EEEF6CC6764A}.Release|Any CPU.ActiveCfg = Release|Any CPU
		{103197CE-47A9-4868-A15C-EEEF6CC6764A}.Release|Any CPU.Build.0 = Release|Any CPU
		{A93826CD-F75C-48B3-92D4-DFEF5D90BC50}.Debug|Any CPU.ActiveCfg = Debug|Any CPU
		{A93826CD-F75C-48B3-92D4-DFEF5D90BC50}.Debug|Any CPU.Build.0 = Debug|Any CPU
		{A93826CD-F75C-48B3-92D4-DFEF5D90BC50}.Release|Any CPU.ActiveCfg = Release|Any CPU
		{A93826CD-F75C-48B3-92D4-DFEF5D90BC50}.Release|Any CPU.Build.0 = Release|Any CPU
	EndGlobalSection
	GlobalSection(SolutionProperties) = preSolution
		HideSolutionNode = FALSE
	EndGlobalSection
EndGlobal
